# This file is generated by running "yarn install" inside your project.
# Manual changes might be lost - proceed with caution!

__metadata:
  version: 9
  cacheKey: 10c0

"@codemod.com/cli-darwin-arm64@npm:1.7.14":
  version: 1.7.14
  resolution: "@codemod.com/cli-darwin-arm64@npm:1.7.14"
  conditions: os=darwin & cpu=arm64
  languageName: node
  linkType: hard

"@codemod.com/cli-darwin-x64@npm:1.7.14":
  version: 1.7.14
  resolution: "@codemod.com/cli-darwin-x64@npm:1.7.14"
  conditions: os=darwin & cpu=x64
  languageName: node
  linkType: hard

"@codemod.com/cli-linux-arm64-gnu@npm:1.7.14":
  version: 1.7.14
  resolution: "@codemod.com/cli-linux-arm64-gnu@npm:1.7.14"
  conditions: os=linux & cpu=arm64 & libc=glibc
  languageName: node
  linkType: hard

"@codemod.com/cli-linux-x64-gnu@npm:1.7.14":
  version: 1.7.14
  resolution: "@codemod.com/cli-linux-x64-gnu@npm:1.7.14"
  conditions: os=linux & cpu=x64 & libc=glibc
  languageName: node
  linkType: hard

"@codemod.com/cli-win32-x64-msvc@npm:1.7.14":
  version: 1.7.14
  resolution: "@codemod.com/cli-win32-x64-msvc@npm:1.7.14"
  conditions: os=win32 & cpu=x64
  languageName: node
  linkType: hard

"@codemod.com/jssg-types@npm:latest":
  version: 1.5.2
  resolution: "@codemod.com/jssg-types@npm:1.5.2"
  checksum: 10c0/5032977b26555e49e7860078a3f3d0070f40a4a491bfa786064af958c21bb4db64c0a3886321e686726c7316200c60f82456e1e7383164144958c62c1298defd
  languageName: node
  linkType: hard

"@jssg/utils@npm:latest":
  version: 0.0.4
  resolution: "@jssg/utils@npm:0.0.4"
  checksum: 10c0/9a36c2f34bb561ca6cae2455a0f144ef28367dbb0537d190781593e01ef3a6df0c7a00eba6cb9d33355556b82f88dae3699224ffac82f05e7095bb7e0435ee08
  languageName: node
  linkType: hard

"backstage-permissioned-route-migration@workspace:codemods/v1.50.0/backstage-permissioned-route-migration":
  version: 0.0.0-use.local
  resolution: "backstage-permissioned-route-migration@workspace:codemods/v1.50.0/backstage-permissioned-route-migration"
  dependencies:
    "@codemod.com/jssg-types": "npm:latest"
    "@jssg/utils": "npm:latest"
    codemod: "npm:latest"
    typescript: "npm:latest"
  languageName: unknown
  linkType: soft

"backstage-plugin-frontend-system-migration-workspace@workspace:.":
  version: 0.0.0-use.local
  resolution: "backstage-plugin-frontend-system-migration-workspace@workspace:."
  languageName: unknown
  linkType: soft

"backstage-plugin-frontend-system-migration@workspace:codemods/backstage-plugin-frontend-system-migration":
  version: 0.0.0-use.local
  resolution: "backstage-plugin-frontend-system-migration@workspace:codemods/backstage-plugin-frontend-system-migration"
  dependencies:
    "@codemod.com/jssg-types": "npm:latest"
    "@jssg/utils": "npm:latest"
    codemod: "npm:latest"
    typescript: "npm:latest"
  languageName: unknown
  linkType: soft

"codemod@npm:latest":
  version: 1.7.14
  resolution: "codemod@npm:1.7.14"
  dependencies:
    "@codemod.com/cli-darwin-arm64": "npm:1.7.14"
    "@codemod.com/cli-darwin-x64": "npm:1.7.14"
    "@codemod.com/cli-linux-arm64-gnu": "npm:1.7.14"
    "@codemod.com/cli-linux-x64-gnu": "npm:1.7.14"
    "@codemod.com/cli-win32-x64-msvc": "npm:1.7.14"
    detect-libc: "npm:^2.0.3"
  dependenciesMeta:
    "@codemod.com/cli-darwin-arm64":
      optional: true
    "@codemod.com/cli-darwin-x64":
      optional: true
    "@codemod.com/cli-linux-arm64-gnu":
      optional: true
    "@codemod.com/cli-linux-x64-gnu":
      optional: true
    "@codemod.com/cli-win32-x64-msvc":
      optional: true
  bin:
    codemod: codemod
  checksum: 10c0/93cafef82890d037e8fb7d6784788a0945d37e1d05e292c64312070e1ecde30bcb3d4c015aef4e598e6f346baf6f970f62c3182d3c5db8bc6f23a8ab8e619f19
  languageName: node
  linkType: hard

"detect-libc@npm:^2.0.3":
  version: 2.1.2
  resolution: "detect-libc@npm:2.1.2"
  checksum: 10c0/acc675c29a5649fa1fb6e255f993b8ee829e510b6b56b0910666949c80c364738833417d0edb5f90e4e46be17228b0f2b66a010513984e18b15deeeac49369c4
  languageName: node
  linkType: hard

"typescript@npm:latest":
  version: 6.0.3
  resolution: "typescript@npm:6.0.3"
  bin:
    tsc: bin/tsc
    tsserver: bin/tsserver
  checksum: 10c0/4a25ff5045b984370f48f196b3a0120779b1b343d40b9a68d114ea5e5fff099809b2bb777576991a63a5cd59cf7bffd96ff6fe10afcefbcb8bd6fb96ad4b6606
  languageName: node
  linkType: hard

"typescript@patch:typescript@npm%3Alatest#optional!builtin<compat/typescript>":
  version: 6.0.3
  resolution: "typescript@patch:typescript@npm%3A6.0.3#optional!builtin<compat/typescript>::version=6.0.3&hash=5786d5"
  bin:
    tsc: bin/tsc
    tsserver: bin/tsserver
  checksum: 10c0/2f25c74e65663c248fa1ade2b8459d9ce5372ff9dad07067310f132966ebec1d93f6c42f0baf77a6b6a7a91460463f708e6887013aaade22111037457c6b25df
  languageName: node
  linkType: hard
